
Microsoft Visual Studio Solution File, Format Version 12.00
# Visual Studio Version 16
VisualStudioVersion = 16.0.29209.152
MinimumVisualStudioVersion = 10.0.40219.1
Project("{9A19103F-16F7-4668-BE54-9A1E7A4F7556}") = "NoMansTrade.App", "NoMansTrade.App\NoMansTrade.App.csproj", "{9098DB60-765F-4693-9465-9A2FADBBEBD6}"
EndProject
Project("{9A19103F-16F7-4668-BE54-9A1E7A4F7556}") = "NoMansTrade.Core", "NoMansTrade.Core\NoMansTrade.Core.csproj", "{C94548A0-97EC-47AB-8085-076B6A1EB8A3}"
EndProject
Project("{FAE04EC0-301F-11D3-BF4B-00C04F79EFBC}") = "NoMansTrade.Tests", "NoMansTrade.Tests\NoMansTrade.Tests.csproj", "{1D6D189A-0991-452A-9FD9-66AD054F6B6B}"
EndProject
Global
	GlobalSection(SolutionConfigurationPlatforms) = preSolution
		Debug|Any CPU = Debug|Any CPU
		Release|Any CPU = Release|Any CPU
	EndGlobalSection
	GlobalSection(ProjectConfigurationPlatforms) = postSolution
		{9098DB60-765F-4693-9465-9A2FADBBEBD6}.Debug|Any CPU.ActiveCfg = Debug|Any CPU
		{9098DB60-765F-4693-9465-9A2FADBBEBD6}.Debug|Any CPU.Build.0 = Debug|Any CPU
		{9098DB60-765F-4693-9465-9A2FADBBEBD6}.Release|Any CPU.ActiveCfg = Release|Any CPU
		{9098DB60-765F-4693-9465-9A2FADBBEBD6}.Release|Any CPU.Build.0 = Release|Any CPU
		{C94548A0-97EC-47AB-8085-076B6A1EB8A3}.Debug|Any CPU.ActiveCfg = Debug|Any CPU
		{C94548A0-97EC-47AB-8085-076B6A1EB8A3}.Debug|Any CPU.Build.0 = Debug|Any CPU
		{C94548A0-97EC-47AB-8085-076B6A1EB8A3}.Release|Any CPU.ActiveCfg = Release|Any CPU
		{C94548A0-97EC-47AB-8085-076B6A1EB8A3}.Release|Any CPU.Build.0 = Release|Any CPU
		{1D6D189A-0991-452A-9FD9-66AD054F6B6B}.Debug|Any CPU.ActiveCfg = Debug|Any CPU
		{1D6D189A-0991-452A-9FD9-66AD054F6B6B}.Debug|Any CPU.Build.0 = Debug|Any CPU
		{1D6D189A-0991-452A-9FD9-66AD054F6B6B}.Release|Any CPU.ActiveCfg = Release|Any CPU
		{1D6D189A-0991-452A-9FD9-66AD054F6B6B}.Release|Any CPU.Build.0 = Release|Any CPU
	EndGlobalSection
	GlobalSection(SolutionProperties) = preSolution
		HideSolutionNode = FALSE
	EndGlobalSection
	GlobalSection(ExtensibilityGlobals) = postSolution
		SolutionGuid = {F8F453C6-17A4-4DD7-99AD-72931BF24873}
	EndGlobalSection
EndGlobal
